
Microsoft Visual Studio Solution File, Format Version 12.00
# Visual Studio 15
VisualStudioVersion = 15.0.27428.2015
MinimumVisualStudioVersion = 10.0.40219.1
Project("{8BC9CEB8-8B4A-11D0-8D11-00A0C91BC942}") = "File-Resurrect", "File-Resurrect.vcxproj", "{A884DE8C-D96F-4968-87C8-9824EFCFA532}"
EndProject
Global
	GlobalSection(SolutionConfigurationPlatforms) = preSolution
		Debug|x64 = Debug|x64
		Debug|x86 = Debug|x86
		Release|x64 = Release|x64
		Release|x86 = Release|x86
	EndGlobalSection
	GlobalSection(ProjectConfigurationPlatforms) = postSolution
		{A884DE8C-D96F-4968-87C8-9824EFCFA532}.Debug|x64.ActiveCfg = Debug|x64
		{A884DE8C-D96F-4968-87C8-9824EFCFA532}.Debug|x64.Build.0 = Debug|x64
		{A884DE8C-D96F-4968-87C8-9824EFCFA532}.Debug|x86.ActiveCfg = Debug|Win32
		{A884DE8C-D96F-4968-87C8-9824EFCFA532}.Debug|x86.Build.0 = Debug|Win32
		{A884DE8C-D96F-4968-87C8-9824EFCFA532}.Release|x64.ActiveCfg = Release|x64
		{A884DE8C-D96F-4968-87C8-9824EFCFA532}.Release|x64.Build.0 = Release|x64
		{A884DE8C-D96F-4968-87C8-9824EFCFA532}.Release|x86.ActiveCfg = Release|Win32
		{A884DE8C-D96F-4968-87C8-9824EFCFA532}.Release|x86.Build.0 = Release|Win32
	EndGlobalSection
	GlobalSection(SolutionProperties) = preSolution
		HideSolutionNode = FALSE
	EndGlobalSection
	GlobalSection(ExtensibilityGlobals) = postSolution
		SolutionGuid = {83BD080C-98A6-4B8D-9DB3-9345EBA94CA0}
	EndGlobalSection
EndGlobal
